
Microsoft Visual Studio Solution File, Format Version 12.00
# Visual Studio Version 16
VisualStudioVersion = 16.0.29728.190
MinimumVisualStudioVersion = 10.0.40219.1
Project("{FAE04EC0-301F-11D3-BF4B-00C04F79EFBC}") = "GiveAidProject", "GiveAidProject\GiveAidProject.csproj", "{C6BD9A6A-A102-49F2-A3A8-FD38A3C5FE9D}"
EndProject
Global
	GlobalSection(SolutionConfigurationPlatforms) = preSolution
		Debug|Any CPU = Debug|Any CPU
		Release|Any CPU = Release|Any CPU
	EndGlobalSection
	GlobalSection(ProjectConfigurationPlatforms) = postSolution
		{C6BD9A6A-A102-49F2-A3A8-FD38A3C5FE9D}.Debug|Any CPU.ActiveCfg = Debug|Any CPU
		{C6BD9A6A-A102-49F2-A3A8-FD38A3C5FE9D}.Debug|Any CPU.Build.0 = Debug|Any CPU
		{C6BD9A6A-A102-49F2-A3A8-FD38A3C5FE9D}.Release|Any CPU.ActiveCfg = Release|Any CPU
		{C6BD9A6A-A102-49F2-A3A8-FD38A3C5FE9D}.Release|Any CPU.Build.0 = Release|Any CPU
	EndGlobalSection
	GlobalSection(SolutionProperties) = preSolution
		HideSolutionNode = FALSE
	EndGlobalSection
	GlobalSection(ExtensibilityGlobals) = postSolution
		SolutionGuid = {67689651-051C-44D6-AFC6-E2370B74BF17}
	EndGlobalSection
EndGlobal
